
Microsoft Visual Studio Solution File, Format Version 12.00
# Visual Studio Version 17
VisualStudioVersion = 17.4.33213.308
MinimumVisualStudioVersion = 10.0.40219.1
Project("{FAE04EC0-301F-11D3-BF4B-00C04F79EFBC}") = "csh.pralt.d._1", "csh.pralt.d._1\csh.pralt.d._1.csproj", "{A421606E-3CC5-4EFF-AC12-5255AF41214F}"
EndProject
Global
	GlobalSection(SolutionConfigurationPlatforms) = preSolution
		Debug|Any CPU = Debug|Any CPU
		Release|Any CPU = Release|Any CPU
	EndGlobalSection
	GlobalSection(ProjectConfigurationPlatforms) = postSolution
		{A421606E-3CC5-4EFF-AC12-5255AF41214F}.Debug|Any CPU.ActiveCfg = Debug|Any CPU
		{A421606E-3CC5-4EFF-AC12-5255AF41214F}.Debug|Any CPU.Build.0 = Debug|Any CPU
		{A421606E-3CC5-4EFF-AC12-5255AF41214F}.Release|Any CPU.ActiveCfg = Release|Any CPU
		{A421606E-3CC5-4EFF-AC12-5255AF41214F}.Release|Any CPU.Build.0 = Release|Any CPU
	EndGlobalSection
	GlobalSection(SolutionProperties) = preSolution
		HideSolutionNode = FALSE
	EndGlobalSection
	GlobalSection(ExtensibilityGlobals) = postSolution
		SolutionGuid = {79B7C254-9366-4A77-B42A-F8E67C0D4455}
	EndGlobalSection
EndGlobal
