
Microsoft Visual Studio Solution File, Format Version 12.00
# Visual Studio Version 17
VisualStudioVersion = 17.8.34309.116
MinimumVisualStudioVersion = 10.0.40219.1
Project("{FAE04EC0-301F-11D3-BF4B-00C04F79EFBC}") = "prakt_d_12", "prakt_d_12.csproj", "{D947D6D9-5823-481A-B7A6-C1B3CDDF3597}"
EndProject
Global
	GlobalSection(SolutionConfigurationPlatforms) = preSolution
		Debug|Any CPU = Debug|Any CPU
		Release|Any CPU = Release|Any CPU
	EndGlobalSection
	GlobalSection(ProjectConfigurationPlatforms) = postSolution
		{D947D6D9-5823-481A-B7A6-C1B3CDDF3597}.Debug|Any CPU.ActiveCfg = Debug|Any CPU
		{D947D6D9-5823-481A-B7A6-C1B3CDDF3597}.Debug|Any CPU.Build.0 = Debug|Any CPU
		{D947D6D9-5823-481A-B7A6-C1B3CDDF3597}.Release|Any CPU.ActiveCfg = Release|Any CPU
		{D947D6D9-5823-481A-B7A6-C1B3CDDF3597}.Release|Any CPU.Build.0 = Release|Any CPU
	EndGlobalSection
	GlobalSection(SolutionProperties) = preSolution
		HideSolutionNode = FALSE
	EndGlobalSection
	GlobalSection(ExtensibilityGlobals) = postSolution
		SolutionGuid = {6F5BD5FA-607C-42E1-88F6-FED9E9E3189B}
	EndGlobalSection
EndGlobal
