
Microsoft Visual Studio Solution File, Format Version 12.00
Project("{FAE04EC0-301F-11D3-BF4B-00C04F79EFBC}") = "1", "1.csproj", "{A372BE5F-B9C4-4B9A-83FA-73911D404299}"
EndProject
Global
	GlobalSection(SolutionConfigurationPlatforms) = preSolution
		Debug|Any CPU = Debug|Any CPU
		Release|Any CPU = Release|Any CPU
	EndGlobalSection
	GlobalSection(ProjectConfigurationPlatforms) = postSolution
		{A372BE5F-B9C4-4B9A-83FA-73911D404299}.Debug|Any CPU.ActiveCfg = Debug|Any CPU
		{A372BE5F-B9C4-4B9A-83FA-73911D404299}.Debug|Any CPU.Build.0 = Debug|Any CPU
		{A372BE5F-B9C4-4B9A-83FA-73911D404299}.Release|Any CPU.ActiveCfg = Release|Any CPU
		{A372BE5F-B9C4-4B9A-83FA-73911D404299}.Release|Any CPU.Build.0 = Release|Any CPU
	EndGlobalSection
EndGlobal
