
Microsoft Visual Studio Solution File, Format Version 12.00
Project("{FAE04EC0-301F-11D3-BF4B-00C04F79EFBC}") = "12", "12.csproj", "{F1C40F37-FC43-4118-B772-CB00AACAF1BF}"
EndProject
Global
	GlobalSection(SolutionConfigurationPlatforms) = preSolution
		Debug|Any CPU = Debug|Any CPU
		Release|Any CPU = Release|Any CPU
	EndGlobalSection
	GlobalSection(ProjectConfigurationPlatforms) = postSolution
		{F1C40F37-FC43-4118-B772-CB00AACAF1BF}.Debug|Any CPU.ActiveCfg = Debug|Any CPU
		{F1C40F37-FC43-4118-B772-CB00AACAF1BF}.Debug|Any CPU.Build.0 = Debug|Any CPU
		{F1C40F37-FC43-4118-B772-CB00AACAF1BF}.Release|Any CPU.ActiveCfg = Release|Any CPU
		{F1C40F37-FC43-4118-B772-CB00AACAF1BF}.Release|Any CPU.Build.0 = Release|Any CPU
	EndGlobalSection
EndGlobal
