
Microsoft Visual Studio Solution File, Format Version 12.00
# Visual Studio Version 17
VisualStudioVersion = 17.7.34202.233
MinimumVisualStudioVersion = 10.0.40219.1
Project("{FAE04EC0-301F-11D3-BF4B-00C04F79EFBC}") = "stringsplittest", "stringsplittest.csproj", "{8B3915EE-E014-44D8-B4B2-C35B75F0C537}"
EndProject
Global
	GlobalSection(SolutionConfigurationPlatforms) = preSolution
		Debug|Any CPU = Debug|Any CPU
		Release|Any CPU = Release|Any CPU
	EndGlobalSection
	GlobalSection(ProjectConfigurationPlatforms) = postSolution
		{8B3915EE-E014-44D8-B4B2-C35B75F0C537}.Debug|Any CPU.ActiveCfg = Debug|Any CPU
		{8B3915EE-E014-44D8-B4B2-C35B75F0C537}.Debug|Any CPU.Build.0 = Debug|Any CPU
		{8B3915EE-E014-44D8-B4B2-C35B75F0C537}.Release|Any CPU.ActiveCfg = Release|Any CPU
		{8B3915EE-E014-44D8-B4B2-C35B75F0C537}.Release|Any CPU.Build.0 = Release|Any CPU
	EndGlobalSection
	GlobalSection(SolutionProperties) = preSolution
		HideSolutionNode = FALSE
	EndGlobalSection
	GlobalSection(ExtensibilityGlobals) = postSolution
		SolutionGuid = {0933DD74-571A-447B-9733-5EBAA31889F3}
	EndGlobalSection
EndGlobal
