
Microsoft Visual Studio Solution File, Format Version 12.00
# Visual Studio Version 17
VisualStudioVersion = 17.4.33213.308
MinimumVisualStudioVersion = 10.0.40219.1
Project("{FAE04EC0-301F-11D3-BF4B-00C04F79EFBC}") = "ConsoleApp3", "ConsoleApp3.csproj", "{CD107B1A-319E-4085-AF1C-1ED54D72611C}"
EndProject
Global
	GlobalSection(SolutionConfigurationPlatforms) = preSolution
		Debug|Any CPU = Debug|Any CPU
		Release|Any CPU = Release|Any CPU
	EndGlobalSection
	GlobalSection(ProjectConfigurationPlatforms) = postSolution
		{CD107B1A-319E-4085-AF1C-1ED54D72611C}.Debug|Any CPU.ActiveCfg = Debug|Any CPU
		{CD107B1A-319E-4085-AF1C-1ED54D72611C}.Debug|Any CPU.Build.0 = Debug|Any CPU
		{CD107B1A-319E-4085-AF1C-1ED54D72611C}.Release|Any CPU.ActiveCfg = Release|Any CPU
		{CD107B1A-319E-4085-AF1C-1ED54D72611C}.Release|Any CPU.Build.0 = Release|Any CPU
	EndGlobalSection
	GlobalSection(SolutionProperties) = preSolution
		HideSolutionNode = FALSE
	EndGlobalSection
	GlobalSection(ExtensibilityGlobals) = postSolution
		SolutionGuid = {91E91C46-B9E0-4E8F-9981-314ADA3A57E9}
	EndGlobalSection
EndGlobal
