
Microsoft Visual Studio Solution File, Format Version 12.00
Project("{FAE04EC0-301F-11D3-BF4B-00C04F79EFBC}") = "411", "411.csproj", "{71EACA7F-4C80-47F8-8E6E-7E6F8A9E1C95}"
EndProject
Global
	GlobalSection(SolutionConfigurationPlatforms) = preSolution
		Debug|Any CPU = Debug|Any CPU
		Release|Any CPU = Release|Any CPU
	EndGlobalSection
	GlobalSection(ProjectConfigurationPlatforms) = postSolution
		{71EACA7F-4C80-47F8-8E6E-7E6F8A9E1C95}.Debug|Any CPU.ActiveCfg = Debug|Any CPU
		{71EACA7F-4C80-47F8-8E6E-7E6F8A9E1C95}.Debug|Any CPU.Build.0 = Debug|Any CPU
		{71EACA7F-4C80-47F8-8E6E-7E6F8A9E1C95}.Release|Any CPU.ActiveCfg = Release|Any CPU
		{71EACA7F-4C80-47F8-8E6E-7E6F8A9E1C95}.Release|Any CPU.Build.0 = Release|Any CPU
	EndGlobalSection
EndGlobal
