
Microsoft Visual Studio Solution File, Format Version 12.00
Project("{FAE04EC0-301F-11D3-BF4B-00C04F79EFBC}") = "11.1", "11.1.csproj", "{AFD53058-DD11-4B10-A49C-6F6B95245970}"
EndProject
Global
	GlobalSection(SolutionConfigurationPlatforms) = preSolution
		Debug|Any CPU = Debug|Any CPU
		Release|Any CPU = Release|Any CPU
	EndGlobalSection
	GlobalSection(ProjectConfigurationPlatforms) = postSolution
		{AFD53058-DD11-4B10-A49C-6F6B95245970}.Debug|Any CPU.ActiveCfg = Debug|Any CPU
		{AFD53058-DD11-4B10-A49C-6F6B95245970}.Debug|Any CPU.Build.0 = Debug|Any CPU
		{AFD53058-DD11-4B10-A49C-6F6B95245970}.Release|Any CPU.ActiveCfg = Release|Any CPU
		{AFD53058-DD11-4B10-A49C-6F6B95245970}.Release|Any CPU.Build.0 = Release|Any CPU
	EndGlobalSection
EndGlobal
