
Microsoft Visual Studio Solution File, Format Version 12.00
# Visual Studio Version 17
VisualStudioVersion = 17.10.35004.147
MinimumVisualStudioVersion = 10.0.40219.1
Project("{FAE04EC0-301F-11D3-BF4B-00C04F79EFBC}") = "3", "3\3.csproj", "{8E8851DB-ED2F-4807-9FD4-71CF43F1EFFE}"
EndProject
Global
	GlobalSection(SolutionConfigurationPlatforms) = preSolution
		Debug|Any CPU = Debug|Any CPU
		Release|Any CPU = Release|Any CPU
	EndGlobalSection
	GlobalSection(ProjectConfigurationPlatforms) = postSolution
		{8E8851DB-ED2F-4807-9FD4-71CF43F1EFFE}.Debug|Any CPU.ActiveCfg = Debug|Any CPU
		{8E8851DB-ED2F-4807-9FD4-71CF43F1EFFE}.Debug|Any CPU.Build.0 = Debug|Any CPU
		{8E8851DB-ED2F-4807-9FD4-71CF43F1EFFE}.Release|Any CPU.ActiveCfg = Release|Any CPU
		{8E8851DB-ED2F-4807-9FD4-71CF43F1EFFE}.Release|Any CPU.Build.0 = Release|Any CPU
	EndGlobalSection
	GlobalSection(SolutionProperties) = preSolution
		HideSolutionNode = FALSE
	EndGlobalSection
	GlobalSection(ExtensibilityGlobals) = postSolution
		SolutionGuid = {E4EEE2FA-FA41-4321-A9FD-15C3EE0D6896}
	EndGlobalSection
EndGlobal
