
Microsoft Visual Studio Solution File, Format Version 12.00
Project("{FAE04EC0-301F-11D3-BF4B-00C04F79EFBC}") = "13_test", "13_test.csproj", "{388479CF-70FF-4631-8334-E00D4FF1ABA4}"
EndProject
Global
	GlobalSection(SolutionConfigurationPlatforms) = preSolution
		Debug|Any CPU = Debug|Any CPU
		Release|Any CPU = Release|Any CPU
	EndGlobalSection
	GlobalSection(ProjectConfigurationPlatforms) = postSolution
		{388479CF-70FF-4631-8334-E00D4FF1ABA4}.Debug|Any CPU.ActiveCfg = Debug|Any CPU
		{388479CF-70FF-4631-8334-E00D4FF1ABA4}.Debug|Any CPU.Build.0 = Debug|Any CPU
		{388479CF-70FF-4631-8334-E00D4FF1ABA4}.Release|Any CPU.ActiveCfg = Release|Any CPU
		{388479CF-70FF-4631-8334-E00D4FF1ABA4}.Release|Any CPU.Build.0 = Release|Any CPU
	EndGlobalSection
EndGlobal
