
Microsoft Visual Studio Solution File, Format Version 12.00
# Visual Studio Version 17
VisualStudioVersion = 17.10.35004.147
MinimumVisualStudioVersion = 10.0.40219.1
Project("{FAE04EC0-301F-11D3-BF4B-00C04F79EFBC}") = "1", "1\1.csproj", "{3FAF7698-FB9E-4BE0-B280-F46C4F8AC045}"
EndProject
Global
	GlobalSection(SolutionConfigurationPlatforms) = preSolution
		Debug|Any CPU = Debug|Any CPU
		Release|Any CPU = Release|Any CPU
	EndGlobalSection
	GlobalSection(ProjectConfigurationPlatforms) = postSolution
		{3FAF7698-FB9E-4BE0-B280-F46C4F8AC045}.Debug|Any CPU.ActiveCfg = Debug|Any CPU
		{3FAF7698-FB9E-4BE0-B280-F46C4F8AC045}.Debug|Any CPU.Build.0 = Debug|Any CPU
		{3FAF7698-FB9E-4BE0-B280-F46C4F8AC045}.Release|Any CPU.ActiveCfg = Release|Any CPU
		{3FAF7698-FB9E-4BE0-B280-F46C4F8AC045}.Release|Any CPU.Build.0 = Release|Any CPU
	EndGlobalSection
	GlobalSection(SolutionProperties) = preSolution
		HideSolutionNode = FALSE
	EndGlobalSection
	GlobalSection(ExtensibilityGlobals) = postSolution
		SolutionGuid = {A88E9326-CA1F-447E-9FB2-05B3961BA5C5}
	EndGlobalSection
EndGlobal
