
Microsoft Visual Studio Solution File, Format Version 12.00
Project("{FAE04EC0-301F-11D3-BF4B-00C04F79EFBC}") = "14.2", "14.2.csproj", "{86377F14-BB31-45FE-8487-CADB7FA756DD}"
EndProject
Global
	GlobalSection(SolutionConfigurationPlatforms) = preSolution
		Debug|Any CPU = Debug|Any CPU
		Release|Any CPU = Release|Any CPU
	EndGlobalSection
	GlobalSection(ProjectConfigurationPlatforms) = postSolution
		{86377F14-BB31-45FE-8487-CADB7FA756DD}.Debug|Any CPU.ActiveCfg = Debug|Any CPU
		{86377F14-BB31-45FE-8487-CADB7FA756DD}.Debug|Any CPU.Build.0 = Debug|Any CPU
		{86377F14-BB31-45FE-8487-CADB7FA756DD}.Release|Any CPU.ActiveCfg = Release|Any CPU
		{86377F14-BB31-45FE-8487-CADB7FA756DD}.Release|Any CPU.Build.0 = Release|Any CPU
	EndGlobalSection
EndGlobal
