
Microsoft Visual Studio Solution File, Format Version 12.00
Project("{FAE04EC0-301F-11D3-BF4B-00C04F79EFBC}") = "classes_test", "classes_test.csproj", "{46088C9B-F4CE-49DD-9652-6BAF0F613A9C}"
EndProject
Global
	GlobalSection(SolutionConfigurationPlatforms) = preSolution
		Debug|Any CPU = Debug|Any CPU
		Release|Any CPU = Release|Any CPU
	EndGlobalSection
	GlobalSection(ProjectConfigurationPlatforms) = postSolution
		{46088C9B-F4CE-49DD-9652-6BAF0F613A9C}.Debug|Any CPU.ActiveCfg = Debug|Any CPU
		{46088C9B-F4CE-49DD-9652-6BAF0F613A9C}.Debug|Any CPU.Build.0 = Debug|Any CPU
		{46088C9B-F4CE-49DD-9652-6BAF0F613A9C}.Release|Any CPU.ActiveCfg = Release|Any CPU
		{46088C9B-F4CE-49DD-9652-6BAF0F613A9C}.Release|Any CPU.Build.0 = Release|Any CPU
	EndGlobalSection
EndGlobal
