
Microsoft Visual Studio Solution File, Format Version 12.00
# Visual Studio Version 17
VisualStudioVersion = 17.7.34003.232
MinimumVisualStudioVersion = 10.0.40219.1
Project("{FAE04EC0-301F-11D3-BF4B-00C04F79EFBC}") = "Eksamens_IT23097_2_uzd", "Eksamens_IT23097_2_uzd.csproj", "{A423FA5D-E634-4040-916B-29E71CC78F9F}"
EndProject
Global
	GlobalSection(SolutionConfigurationPlatforms) = preSolution
		Debug|Any CPU = Debug|Any CPU
		Release|Any CPU = Release|Any CPU
	EndGlobalSection
	GlobalSection(ProjectConfigurationPlatforms) = postSolution
		{A423FA5D-E634-4040-916B-29E71CC78F9F}.Debug|Any CPU.ActiveCfg = Debug|Any CPU
		{A423FA5D-E634-4040-916B-29E71CC78F9F}.Debug|Any CPU.Build.0 = Debug|Any CPU
		{A423FA5D-E634-4040-916B-29E71CC78F9F}.Release|Any CPU.ActiveCfg = Release|Any CPU
		{A423FA5D-E634-4040-916B-29E71CC78F9F}.Release|Any CPU.Build.0 = Release|Any CPU
	EndGlobalSection
	GlobalSection(SolutionProperties) = preSolution
		HideSolutionNode = FALSE
	EndGlobalSection
	GlobalSection(ExtensibilityGlobals) = postSolution
		SolutionGuid = {B9507AC4-8100-4E08-91DA-43BA1FFC1D6C}
	EndGlobalSection
EndGlobal
