
Microsoft Visual Studio Solution File, Format Version 12.00
# Visual Studio Version 17
VisualStudioVersion = 17.8.34309.116
MinimumVisualStudioVersion = 10.0.40219.1
Project("{FAE04EC0-301F-11D3-BF4B-00C04F79EFBC}") = "prakt_d_14", "prakt_d_14.csproj", "{457B4E3A-F298-42B5-9236-9B8197ED857C}"
EndProject
Global
	GlobalSection(SolutionConfigurationPlatforms) = preSolution
		Debug|Any CPU = Debug|Any CPU
		Release|Any CPU = Release|Any CPU
	EndGlobalSection
	GlobalSection(ProjectConfigurationPlatforms) = postSolution
		{457B4E3A-F298-42B5-9236-9B8197ED857C}.Debug|Any CPU.ActiveCfg = Debug|Any CPU
		{457B4E3A-F298-42B5-9236-9B8197ED857C}.Debug|Any CPU.Build.0 = Debug|Any CPU
		{457B4E3A-F298-42B5-9236-9B8197ED857C}.Release|Any CPU.ActiveCfg = Release|Any CPU
		{457B4E3A-F298-42B5-9236-9B8197ED857C}.Release|Any CPU.Build.0 = Release|Any CPU
	EndGlobalSection
	GlobalSection(SolutionProperties) = preSolution
		HideSolutionNode = FALSE
	EndGlobalSection
	GlobalSection(ExtensibilityGlobals) = postSolution
		SolutionGuid = {CA2699EA-3297-41CA-B5A0-3D8F5668F763}
	EndGlobalSection
EndGlobal
