
Microsoft Visual Studio Solution File, Format Version 12.00
# Visual Studio Version 17
VisualStudioVersion = 17.7.34024.191
MinimumVisualStudioVersion = 10.0.40219.1
Project("{FAE04EC0-301F-11D3-BF4B-00C04F79EFBC}") = "test", "test.csproj", "{C6A604EF-09DD-4135-984A-8DC7497EED5B}"
EndProject
Global
	GlobalSection(SolutionConfigurationPlatforms) = preSolution
		Debug|Any CPU = Debug|Any CPU
		Release|Any CPU = Release|Any CPU
	EndGlobalSection
	GlobalSection(ProjectConfigurationPlatforms) = postSolution
		{C6A604EF-09DD-4135-984A-8DC7497EED5B}.Debug|Any CPU.ActiveCfg = Debug|Any CPU
		{C6A604EF-09DD-4135-984A-8DC7497EED5B}.Debug|Any CPU.Build.0 = Debug|Any CPU
		{C6A604EF-09DD-4135-984A-8DC7497EED5B}.Release|Any CPU.ActiveCfg = Release|Any CPU
		{C6A604EF-09DD-4135-984A-8DC7497EED5B}.Release|Any CPU.Build.0 = Release|Any CPU
	EndGlobalSection
	GlobalSection(SolutionProperties) = preSolution
		HideSolutionNode = FALSE
	EndGlobalSection
	GlobalSection(ExtensibilityGlobals) = postSolution
		SolutionGuid = {48CEDD2A-9BEB-49CB-8387-7C2219838A82}
	EndGlobalSection
EndGlobal
